
Microsoft Visual Studio Solution File, Format Version 12.00
# Visual Studio Version 17
VisualStudioVersion = 17.9.34616.47
MinimumVisualStudioVersion = 10.0.40219.1
Project("{FAE04EC0-301F-11D3-BF4B-00C04F79EFBC}") = "FindYourZodiacSign", "FindYourZodiacSign\FindYourZodiacSign.csproj", "{B2153B2F-6EC0-4C03-BF07-FDF1AEDD0A97}"
EndProject
Global
	GlobalSection(SolutionConfigurationPlatforms) = preSolution
		Debug|Any CPU = Debug|Any CPU
		Release|Any CPU = Release|Any CPU
	EndGlobalSection
	GlobalSection(ProjectConfigurationPlatforms) = postSolution
		{B2153B2F-6EC0-4C03-BF07-FDF1AEDD0A97}.Debug|Any CPU.ActiveCfg = Debug|Any CPU
		{B2153B2F-6EC0-4C03-BF07-FDF1AEDD0A97}.Debug|Any CPU.Build.0 = Debug|Any CPU
		{B2153B2F-6EC0-4C03-BF07-FDF1AEDD0A97}.Release|Any CPU.ActiveCfg = Release|Any CPU
		{B2153B2F-6EC0-4C03-BF07-FDF1AEDD0A97}.Release|Any CPU.Build.0 = Release|Any CPU
	EndGlobalSection
	GlobalSection(SolutionProperties) = preSolution
		HideSolutionNode = FALSE
	EndGlobalSection
	GlobalSection(ExtensibilityGlobals) = postSolution
		SolutionGuid = {3BE63CD5-1F85-4983-9DF7-B4512EE2913B}
	EndGlobalSection
EndGlobal
